// !$*UTF8*$!
{
	archiveVersion = 1;
	classes = {
	};
	objectVersion = 50;
	objects = {

/* Begin PBXBuildFile section */
		2716B11722E7B45A00C39EAB /* RoomStore.swift in Sources */ = {isa = PBXBuildFile; fileRef = 2716B11622E7B45A00C39EAB /* RoomStore.swift */; };
		278DA24F22E77F61003C2460 /* AppDelegate.swift in Sources */ = {isa = PBXBuildFile; fileRef = 278DA24E22E77F61003C2460 /* AppDelegate.swift */; };
		278DA25122E77F61003C2460 /* SceneDelegate.swift in Sources */ = {isa = PBXBuildFile; fileRef = 278DA25022E77F61003C2460 /* SceneDelegate.swift */; };
		278DA25322E77F61003C2460 /* ContentView.swift in Sources */ = {isa = PBXBuildFile; fileRef = 278DA25222E77F61003C2460 /* ContentView.swift */; };
		278DA25522E77F63003C2460 /* Assets.xcassets in Resources */ = {isa = PBXBuildFile; fileRef = 278DA25422E77F63003C2460 /* Assets.xcassets */; };
		278DA25822E77F63003C2460 /* Preview Assets.xcassets in Resources */ = {isa = PBXBuildFile; fileRef = 278DA25722E77F63003C2460 /* Preview Assets.xcassets */; };
		278DA25B22E77F63003C2460 /* LaunchScreen.storyboard in Resources */ = {isa = PBXBuildFile; fileRef = 278DA25922E77F63003C2460 /* LaunchScreen.storyboard */; };
		278DA26322E780F3003C2460 /* Room.swift in Sources */ = {isa = PBXBuildFile; fileRef = 278DA26222E780F3003C2460 /* Room.swift */; };
		278DA26522E7993F003C2460 /* Rooms.xcassets in Resources */ = {isa = PBXBuildFile; fileRef = 278DA26422E7993F003C2460 /* Rooms.xcassets */; };
		278DA26722E79BF7003C2460 /* RoomDetail.swift in Sources */ = {isa = PBXBuildFile; fileRef = 278DA26622E79BF7003C2460 /* RoomDetail.swift */; };
		27CA8FB922E8129800645A37 /* Localizable.stringsdict in Resources */ = {isa = PBXBuildFile; fileRef = 27CA8FBB22E8129800645A37 /* Localizable.stringsdict */; };
		27CA8FBC22E812D900645A37 /* Localizable.strings in Resources */ = {isa = PBXBuildFile; fileRef = 27CA8FBE22E812D900645A37 /* Localizable.strings */; };
/* End PBXBuildFile section */

/* Begin PBXFileReference section */
		2716B11622E7B45A00C39EAB /* RoomStore.swift */ = {isa = PBXFileReference; lastKnownFileType = sourcecode.swift; name = RoomStore.swift; path = "../../../../../../../System/Volumes/Data/Users/millman/Development Projects/GitHub/SwiftUI-First-App/Rooms/Rooms/RoomStore.swift"; sourceTree = "<group>"; };
		278DA24B22E77F61003C2460 /* Rooms.app */ = {isa = PBXFileReference; explicitFileType = wrapper.application; includeInIndex = 0; path = Rooms.app; sourceTree = BUILT_PRODUCTS_DIR; };
		278DA24E22E77F61003C2460 /* AppDelegate.swift */ = {isa = PBXFileReference; lastKnownFileType = sourcecode.swift; path = AppDelegate.swift; sourceTree = "<group>"; };
		278DA25022E77F61003C2460 /* SceneDelegate.swift */ = {isa = PBXFileReference; lastKnownFileType = sourcecode.swift; path = SceneDelegate.swift; sourceTree = "<group>"; };
		278DA25222E77F61003C2460 /* ContentView.swift */ = {isa = PBXFileReference; lastKnownFileType = sourcecode.swift; path = ContentView.swift; sourceTree = "<group>"; };
		278DA25422E77F63003C2460 /* Assets.xcassets */ = {isa = PBXFileReference; lastKnownFileType = folder.assetcatalog; path = Assets.xcassets; sourceTree = "<group>"; };
		278DA25722E77F63003C2460 /* Preview Assets.xcassets */ = {isa = PBXFileReference; lastKnownFileType = folder.assetcatalog; path = "Preview Assets.xcassets"; sourceTree = "<group>"; };
		278DA25A22E77F63003C2460 /* Base */ = {isa = PBXFileReference; lastKnownFileType = file.storyboard; name = Base; path = Base.lproj/LaunchScreen.storyboard; sourceTree = "<group>"; };
		278DA25C22E77F63003C2460 /* Info.plist */ = {isa = PBXFileReference; lastKnownFileType = text.plist.xml; path = Info.plist; sourceTree = "<group>"; };
		278DA26222E780F3003C2460 /* Room.swift */ = {isa = PBXFileReference; lastKnownFileType = sourcecode.swift; path = Room.swift; sourceTree = "<group>"; };
		278DA26422E7993F003C2460 /* Rooms.xcassets */ = {isa = PBXFileReference; lastKnownFileType = folder.assetcatalog; path = Rooms.xcassets; sourceTree = "<group>"; };
		278DA26622E79BF7003C2460 /* RoomDetail.swift */ = {isa = PBXFileReference; lastKnownFileType = sourcecode.swift; path = RoomDetail.swift; sourceTree = "<group>"; };
		27CA8FBA22E8129800645A37 /* en */ = {isa = PBXFileReference; lastKnownFileType = text.plist.stringsdict; name = en; path = en.lproj/Localizable.stringsdict; sourceTree = "<group>"; };
		27CA8FBD22E812D900645A37 /* en */ = {isa = PBXFileReference; lastKnownFileType = text.plist.strings; name = en; path = en.lproj/Localizable.strings; sourceTree = "<group>"; };
		27CA8FBF22E8139100645A37 /* ar */ = {isa = PBXFileReference; lastKnownFileType = text.plist.strings; name = ar; path = ar.lproj/Localizable.strings; sourceTree = "<group>"; };
		27CA8FC022E8139100645A37 /* ar */ = {isa = PBXFileReference; lastKnownFileType = text.plist.stringsdict; name = ar; path = ar.lproj/Localizable.stringsdict; sourceTree = "<group>"; };
/* End PBXFileReference section */

/* Begin PBXFrameworksBuildPhase section */
		278DA24822E77F61003C2460 /* Frameworks */ = {
			isa = PBXFrameworksBuildPhase;
			buildActionMask = 2147483647;
			files = (
			);
			runOnlyForDeploymentPostprocessing = 0;
		};
/* End PBXFrameworksBuildPhase section */

/* Begin PBXGroup section */
		278DA24222E77F61003C2460 = {
			isa = PBXGroup;
			children = (
				278DA24D22E77F61003C2460 /* Rooms */,
				278DA24C22E77F61003C2460 /* Products */,
			);
			sourceTree = "<group>";
		};
		278DA24C22E77F61003C2460 /* Products */ = {
			isa = PBXGroup;
			children = (
				278DA24B22E77F61003C2460 /* Rooms.app */,
			);
			name = Products;
			sourceTree = "<group>";
		};
		278DA24D22E77F61003C2460 /* Rooms */ = {
			isa = PBXGroup;
			children = (
				278DA24E22E77F61003C2460 /* AppDelegate.swift */,
				278DA25022E77F61003C2460 /* SceneDelegate.swift */,
				278DA25222E77F61003C2460 /* ContentView.swift */,
				278DA26622E79BF7003C2460 /* RoomDetail.swift */,
				278DA26222E780F3003C2460 /* Room.swift */,
				2716B11622E7B45A00C39EAB /* RoomStore.swift */,
				27CA8FBE22E812D900645A37 /* Localizable.strings */,
				27CA8FBB22E8129800645A37 /* Localizable.stringsdict */,
				278DA25422E77F63003C2460 /* Assets.xcassets */,
				278DA26422E7993F003C2460 /* Rooms.xcassets */,
				278DA25922E77F63003C2460 /* LaunchScreen.storyboard */,
				278DA25C22E77F63003C2460 /* Info.plist */,
				278DA25622E77F63003C2460 /* Preview Content */,
			);
			path = Rooms;
			sourceTree = "<group>";
		};
		278DA25622E77F63003C2460 /* Preview Content */ = {
			isa = PBXGroup;
			children = (
				278DA25722E77F63003C2460 /* Preview Assets.xcassets */,
			);
			path = "Preview Content";
			sourceTree = "<group>";
		};
/* End PBXGroup section */

/* Begin PBXNativeTarget section */
		278DA24A22E77F61003C2460 /* Rooms */ = {
			isa = PBXNativeTarget;
			buildConfigurationList = 278DA25F22E77F63003C2460 /* Build configuration list for PBXNativeTarget "Rooms" */;
			buildPhases = (
				278DA24722E77F61003C2460 /* Sources */,
				278DA24822E77F61003C2460 /* Frameworks */,
				278DA24922E77F61003C2460 /* Resources */,
			);
			buildRules = (
			);
			dependencies = (
			);
			name = Rooms;
			productName = Rooms;
			productReference = 278DA24B22E77F61003C2460 /* Rooms.app */;
			productType = "com.apple.product-type.application";
		};
/* End PBXNativeTarget section */

/* Begin PBXProject section */
		278DA24322E77F61003C2460 /* Project object */ = {
			isa = PBXProject;
			attributes = {
				LastSwiftUpdateCheck = 1100;
				LastUpgradeCheck = 1100;
				ORGANIZATIONNAME = "Tim Miller";
				TargetAttributes = {
					278DA24A22E77F61003C2460 = {
						CreatedOnToolsVersion = 11.0;
					};
				};
			};
			buildConfigurationList = 278DA24622E77F61003C2460 /* Build configuration list for PBXProject "Rooms" */;
			compatibilityVersion = "Xcode 9.3";
			developmentRegion = en;
			hasScannedForEncodings = 0;
			knownRegions = (
				en,
				Base,
				ar,
			);
			mainGroup = 278DA24222E77F61003C2460;
			productRefGroup = 278DA24C22E77F61003C2460 /* Products */;
			projectDirPath = "";
			projectRoot = "";
			targets = (
				278DA24A22E77F61003C2460 /* Rooms */,
			);
		};
/* End PBXProject section */

/* Begin PBXResourcesBuildPhase section */
		278DA24922E77F61003C2460 /* Resources */ = {
			isa = PBXResourcesBuildPhase;
			buildActionMask = 2147483647;
			files = (
				27CA8FBC22E812D900645A37 /* Localizable.strings in Resources */,
				278DA25B22E77F63003C2460 /* LaunchScreen.storyboard in Resources */,
				278DA25822E77F63003C2460 /* Preview Assets.xcassets in Resources */,
				278DA26522E7993F003C2460 /* Rooms.xcassets in Resources */,
				278DA25522E77F63003C2460 /* Assets.xcassets in Resources */,
				27CA8FB922E8129800645A37 /* Localizable.stringsdict in Resources */,
			);
			runOnlyForDeploymentPostprocessing = 0;
		};
/* End PBXResourcesBuildPhase section */

/* Begin PBXSourcesBuildPhase section */
		278DA24722E77F61003C2460 /* Sources */ = {
			isa = PBXSourcesBuildPhase;
			buildActionMask = 2147483647;
			files = (
				278DA26722E79BF7003C2460 /* RoomDetail.swift in Sources */,
				278DA24F22E77F61003C2460 /* AppDelegate.swift in Sources */,
				278DA25122E77F61003C2460 /* SceneDelegate.swift in Sources */,
				278DA26322E780F3003C2460 /* Room.swift in Sources */,
				2716B11722E7B45A00C39EAB /* RoomStore.swift in Sources */,
				278DA25322E77F61003C2460 /* ContentView.swift in Sources */,
			);
			runOnlyForDeploymentPostprocessing = 0;
		};
/* End PBXSourcesBuildPhase section */

/* Begin PBXVariantGroup section */
		278DA25922E77F63003C2460 /* LaunchScreen.storyboard */ = {
			isa = PBXVariantGroup;
			children = (
				278DA25A22E77F63003C2460 /* Base */,
			);
			name = LaunchScreen.storyboard;
			sourceTree = "<group>";
		};
		27CA8FBB22E8129800645A37 /* Localizable.stringsdict */ = {
			isa = PBXVariantGroup;
			children = (
				27CA8FBA22E8129800645A37 /* en */,
				27CA8FC022E8139100645A37 /* ar */,
			);
			name = Localizable.stringsdict;
			path = "../../../../../../../System/Volumes/Data/Users/millman/Development Projects/GitHub/SwiftUI-First-App/Rooms/Rooms";
			sourceTree = "<group>";
		};
		27CA8FBE22E812D900645A37 /* Localizable.strings */ = {
			isa = PBXVariantGroup;
			children = (
				27CA8FBD22E812D900645A37 /* en */,
				27CA8FBF22E8139100645A37 /* ar */,
			);
			name = Localizable.strings;
			path = "../../../../../../../System/Volumes/Data/Users/millman/Development Projects/GitHub/SwiftUI-First-App/Rooms/Rooms";
			sourceTree = "<group>";
		};
/* End PBXVariantGroup section */

/* Begin XCBuildConfiguration section */
		278DA25D22E77F63003C2460 /* Debug */ = {
			isa = XCBuildConfiguration;
			buildSettings = {
				ALWAYS_SEARCH_USER_PATHS = NO;
				CLANG_ANALYZER_LOCALIZABILITY_NONLOCALIZED = YES;
				CLANG_ANALYZER_NONNULL = YES;
				CLANG_ANALYZER_NUMBER_OBJECT_CONVERSION = YES_AGGRESSIVE;
				CLANG_CXX_LANGUAGE_STANDARD = "gnu++14";
				CLANG_CXX_LIBRARY = "libc++";
				CLANG_ENABLE_MODULES = YES;
				CLANG_ENABLE_OBJC_ARC = YES;
				CLANG_ENABLE_OBJC_WEAK = YES;
				CLANG_WARN_BLOCK_CAPTURE_AUTORELEASING = YES;
				CLANG_WARN_BOOL_CONVERSION = YES;
				CLANG_WARN_COMMA = YES;
				CLANG_WARN_CONSTANT_CONVERSION = YES;
				CLANG_WARN_DEPRECATED_OBJC_IMPLEMENTATIONS = YES;
				CLANG_WARN_DIRECT_OBJC_ISA_USAGE = YES_ERROR;
				CLANG_WARN_DOCUMENTATION_COMMENTS = YES;
				CLANG_WARN_EMPTY_BODY = YES;
				CLANG_WARN_ENUM_CONVERSION = YES;
				CLANG_WARN_INFINITE_RECURSION = YES;
				CLANG_WARN_INT_CONVERSION = YES;
				CLANG_WARN_NON_LITERAL_NULL_CONVERSION = YES;
				CLANG_WARN_OBJC_IMPLICIT_RETAIN_SELF = YES;
				CLANG_WARN_OBJC_LITERAL_CONVERSION = YES;
				CLANG_WARN_OBJC_ROOT_CLASS = YES_ERROR;
				CLANG_WARN_RANGE_LOOP_ANALYSIS = YES;
				CLANG_WARN_STRICT_PROTOTYPES = YES;
				CLANG_WARN_SUSPICIOUS_MOVE = YES;
				CLANG_WARN_UNGUARDED_AVAILABILITY = YES_AGGRESSIVE;
				CLANG_WARN_UNREACHABLE_CODE = YES;
				CLANG_WARN__DUPLICATE_METHOD_MATCH = YES;
				COPY_PHASE_STRIP = NO;
				DEBUG_INFORMATION_FORMAT = dwarf;
				ENABLE_STRICT_OBJC_MSGSEND = YES;
				ENABLE_TESTABILITY = YES;
				GCC_C_LANGUAGE_STANDARD = gnu11;
				GCC_DYNAMIC_NO_PIC = NO;
				GCC_NO_COMMON_BLOCKS = YES;
				GCC_OPTIMIZATION_LEVEL = 0;
				GCC_PREPROCESSOR_DEFINITIONS = (
					"DEBUG=1",
					"$(inherited)",
				);
				GCC_WARN_64_TO_32_BIT_CONVERSION = YES;
				GCC_WARN_ABOUT_RETURN_TYPE = YES_ERROR;
				GCC_WARN_UNDECLARED_SELECTOR = YES;
				GCC_WARN_UNINITIALIZED_AUTOS = YES_AGGRESSIVE;
				GCC_WARN_UNUSED_FUNCTION = YES;
				GCC_WARN_UNUSED_VARIABLE = YES;
				IPHONEOS_DEPLOYMENT_TARGET = 13.0;
				MTL_ENABLE_DEBUG_INFO = INCLUDE_SOURCE;
				MTL_FAST_MATH = YES;
				ONLY_ACTIVE_ARCH = YES;
				SDKROOT = iphoneos;
				SWIFT_ACTIVE_COMPILATION_CONDITIONS = DEBUG;
				SWIFT_OPTIMIZATION_LEVEL = "-Onone";
			};
			name = Debug;
		};
		278DA25E22E77F63003C2460 /* Release */ = {
			isa = XCBuildConfiguration;
			buildSettings = {
				ALWAYS_SEARCH_USER_PATHS = NO;
				CLANG_ANALYZER_LOCALIZABILITY_NONLOCALIZED = YES;
				CLANG_ANALYZER_NONNULL = YES;
				CLANG_ANALYZER_NUMBER_OBJECT_CONVERSION = YES_AGGRESSIVE;
				CLANG_CXX_LANGUAGE_STANDARD = "gnu++14";
				CLANG_CXX_LIBRARY = "libc++";
				CLANG_ENABLE_MODULES = YES;
				CLANG_ENABLE_OBJC_ARC = YES;
				CLANG_ENABLE_OBJC_WEAK = YES;
				CLANG_WARN_BLOCK_CAPTURE_AUTORELEASING = YES;
				CLANG_WARN_BOOL_CONVERSION = YES;
				CLANG_WARN_COMMA = YES;
				CLANG_WARN_CONSTANT_CONVERSION = YES;
				CLANG_WARN_DEPRECATED_OBJC_IMPLEMENTATIONS = YES;
				CLANG_WARN_DIRECT_OBJC_ISA_USAGE = YES_ERROR;
				CLANG_WARN_DOCUMENTATION_COMMENTS = YES;
				CLANG_WARN_EMPTY_BODY = YES;
				CLANG_WARN_ENUM_CONVERSION = YES;
				CLANG_WARN_INFINITE_RECURSION = YES;
				CLANG_WARN_INT_CONVERSION = YES;
				CLANG_WARN_NON_LITERAL_NULL_CONVERSION = YES;
				CLANG_WARN_OBJC_IMPLICIT_RETAIN_SELF = YES;
				CLANG_WARN_OBJC_LITERAL_CONVERSION = YES;
				CLANG_WARN_OBJC_ROOT_CLASS = YES_ERROR;
				CLANG_WARN_RANGE_LOOP_ANALYSIS = YES;
				CLANG_WARN_STRICT_PROTOTYPES = YES;
				CLANG_WARN_SUSPICIOUS_MOVE = YES;
				CLANG_WARN_UNGUARDED_AVAILABILITY = YES_AGGRESSIVE;
				CLANG_WARN_UNREACHABLE_CODE = YES;
				CLANG_WARN__DUPLICATE_METHOD_MATCH = YES;
				COPY_PHASE_STRIP = NO;
				DEBUG_INFORMATION_FORMAT = "dwarf-with-dsym";
				ENABLE_NS_ASSERTIONS = NO;
				ENABLE_STRICT_OBJC_MSGSEND = YES;
				GCC_C_LANGUAGE_STANDARD = gnu11;
				GCC_NO_COMMON_BLOCKS = YES;
				GCC_WARN_64_TO_32_BIT_CONVERSION = YES;
				GCC_WARN_ABOUT_RETURN_TYPE = YES_ERROR;
				GCC_WARN_UNDECLARED_SELECTOR = YES;
				GCC_WARN_UNINITIALIZED_AUTOS = YES_AGGRESSIVE;
				GCC_WARN_UNUSED_FUNCTION = YES;
				GCC_WARN_UNUSED_VARIABLE = YES;
				IPHONEOS_DEPLOYMENT_TARGET = 13.0;
				MTL_ENABLE_DEBUG_INFO = NO;
				MTL_FAST_MATH = YES;
				SDKROOT = iphoneos;
				SWIFT_COMPILATION_MODE = wholemodule;
				SWIFT_OPTIMIZATION_LEVEL = "-O";
				VALIDATE_PRODUCT = YES;
			};
			name = Release;
		};
		278DA26022E77F63003C2460 /* Debug */ = {
			isa = XCBuildConfiguration;
			buildSettings = {
				ASSETCATALOG_COMPILER_APPICON_NAME = AppIcon;
				CODE_SIGN_STYLE = Automatic;
				DEVELOPMENT_ASSET_PATHS = "Rooms/Preview\\ Content";
				ENABLE_PREVIEWS = YES;
				INFOPLIST_FILE = Rooms/Info.plist;
				LD_RUNPATH_SEARCH_PATHS = (
					"$(inherited)",
					"@executable_path/Frameworks",
				);
				PRODUCT_BUNDLE_IDENTIFIER = com.timmiller.Rooms;
				PRODUCT_NAME = "$(TARGET_NAME)";
				SWIFT_VERSION = 5.0;
				TARGETED_DEVICE_FAMILY = "1,2";
			};
			name = Debug;
		};
		278DA26122E77F63003C2460 /* Release */ = {
			isa = XCBuildConfiguration;
			buildSettings = {
				ASSETCATALOG_COMPILER_APPICON_NAME = AppIcon;
				CODE_SIGN_STYLE = Automatic;
				DEVELOPMENT_ASSET_PATHS = "Rooms/Preview\\ Content";
				ENABLE_PREVIEWS = YES;
				INFOPLIST_FILE = Rooms/Info.plist;
				LD_RUNPATH_SEARCH_PATHS = (
					"$(inherited)",
					"@executable_path/Frameworks",
				);
				PRODUCT_BUNDLE_IDENTIFIER = com.timmiller.Rooms;
				PRODUCT_NAME = "$(TARGET_NAME)";
				SWIFT_VERSION = 5.0;
				TARGETED_DEVICE_FAMILY = "1,2";
			};
			name = Release;
		};
/* End XCBuildConfiguration section */

/* Begin XCConfigurationList section */
		278DA24622E77F61003C2460 /* Build configuration list for PBXProject "Rooms" */ = {
			isa = XCConfigurationList;
			buildConfigurations = (
				278DA25D22E77F63003C2460 /* Debug */,
				278DA25E22E77F63003C2460 /* Release */,
			);
			defaultConfigurationIsVisible = 0;
			defaultConfigurationName = Release;
		};
		278DA25F22E77F63003C2460 /* Build configuration list for PBXNativeTarget "Rooms" */ = {
			isa = XCConfigurationList;
			buildConfigurations = (
				278DA26022E77F63003C2460 /* Debug */,
				278DA26122E77F63003C2460 /* Release */,
			);
			defaultConfigurationIsVisible = 0;
			defaultConfigurationName = Release;
		};
/* End XCConfigurationList section */
	};
	rootObject = 278DA24322E77F61003C2460 /* Project object */;
}
